
Microsoft Visual Studio Solution File, Format Version 12.00
# Visual Studio Version 17
VisualStudioVersion = 17.8.34330.188
MinimumVisualStudioVersion = 10.0.40219.1
Project("{9A19103F-16F7-4668-BE54-9A1E7A4F7556}") = "ProductsAPI", "ProductsAPI\ProductsAPI.csproj", "{15C34D0B-A898-4578-8C4B-0C781902DD1C}"
EndProject
Project("{9A19103F-16F7-4668-BE54-9A1E7A4F7556}") = "APITestProject", "APITestProject\APITestProject.csproj", "{F3E610CA-0BC2-45DE-9B29-4729D956EBBA}"
EndProject
Global
	GlobalSection(SolutionConfigurationPlatforms) = preSolution
		Debug|Any CPU = Debug|Any CPU
		Release|Any CPU = Release|Any CPU
	EndGlobalSection
	GlobalSection(ProjectConfigurationPlatforms) = postSolution
		{15C34D0B-A898-4578-8C4B-0C781902DD1C}.Debug|Any CPU.ActiveCfg = Debug|Any CPU
		{15C34D0B-A898-4578-8C4B-0C781902DD1C}.Debug|Any CPU.Build.0 = Debug|Any CPU
		{15C34D0B-A898-4578-8C4B-0C781902DD1C}.Release|Any CPU.ActiveCfg = Release|Any CPU
		{15C34D0B-A898-4578-8C4B-0C781902DD1C}.Release|Any CPU.Build.0 = Release|Any CPU
		{F3E610CA-0BC2-45DE-9B29-4729D956EBBA}.Debug|Any CPU.ActiveCfg = Debug|Any CPU
		{F3E610CA-0BC2-45DE-9B29-4729D956EBBA}.Debug|Any CPU.Build.0 = Debug|Any CPU
		{F3E610CA-0BC2-45DE-9B29-4729D956EBBA}.Release|Any CPU.ActiveCfg = Release|Any CPU
		{F3E610CA-0BC2-45DE-9B29-4729D956EBBA}.Release|Any CPU.Build.0 = Release|Any CPU
	EndGlobalSection
	GlobalSection(SolutionProperties) = preSolution
		HideSolutionNode = FALSE
	EndGlobalSection
	GlobalSection(ExtensibilityGlobals) = postSolution
		SolutionGuid = {70D9A1FD-93BD-42C3-8B5A-CD62742C03B4}
	EndGlobalSection
EndGlobal
